
Microsoft Visual Studio Solution File, Format Version 12.00
# Visual Studio Version 16
VisualStudioVersion = 16.0.30907.101
MinimumVisualStudioVersion = 10.0.40219.1
Project("{9A19103F-16F7-4668-BE54-9A1E7A4F7556}") = "HexBlazor", "HexBlazor\HexBlazor.csproj", "{3473EA0B-533B-4DA4-9A34-199D13ECD5B5}"
EndProject
Project("{9A19103F-16F7-4668-BE54-9A1E7A4F7556}") = "HexGridLib", "HexGridLib\HexGridLib.csproj", "{B7F3DA30-9B3C-45D9-91C0-E4308A57A4ED}"
EndProject
Project("{9A19103F-16F7-4668-BE54-9A1E7A4F7556}") = "SvgLib", "SvgLib\SvgLib.csproj", "{0E5BC84A-EEA6-4907-ABBD-F4FEB8591ACC}"
EndProject
Project("{9A19103F-16F7-4668-BE54-9A1E7A4F7556}") = "HexGridInterfaces", "HexGridInterfaces\HexGridInterfaces.csproj", "{195A5410-658B-4E0E-BC4E-5895B0393B14}"
EndProject
Global
	GlobalSection(SolutionConfigurationPlatforms) = preSolution
		Debug|Any CPU = Debug|Any CPU
		Development|Any CPU = Development|Any CPU
		Release|Any CPU = Release|Any CPU
	EndGlobalSection
	GlobalSection(ProjectConfigurationPlatforms) = postSolution
		{3473EA0B-533B-4DA4-9A34-199D13ECD5B5}.Debug|Any CPU.ActiveCfg = Debug|Any CPU
		{3473EA0B-533B-4DA4-9A34-199D13ECD5B5}.Debug|Any CPU.Build.0 = Debug|Any CPU
		{3473EA0B-533B-4DA4-9A34-199D13ECD5B5}.Development|Any CPU.ActiveCfg = Debug|Any CPU
		{3473EA0B-533B-4DA4-9A34-199D13ECD5B5}.Development|Any CPU.Build.0 = Debug|Any CPU
		{3473EA0B-533B-4DA4-9A34-199D13ECD5B5}.Release|Any CPU.ActiveCfg = Release|Any CPU
		{3473EA0B-533B-4DA4-9A34-199D13ECD5B5}.Release|Any CPU.Build.0 = Release|Any CPU
		{B7F3DA30-9B3C-45D9-91C0-E4308A57A4ED}.Debug|Any CPU.ActiveCfg = Debug|Any CPU
		{B7F3DA30-9B3C-45D9-91C0-E4308A57A4ED}.Debug|Any CPU.Build.0 = Debug|Any CPU
		{B7F3DA30-9B3C-45D9-91C0-E4308A57A4ED}.Development|Any CPU.ActiveCfg = Debug|Any CPU
		{B7F3DA30-9B3C-45D9-91C0-E4308A57A4ED}.Development|Any CPU.Build.0 = Debug|Any CPU
		{B7F3DA30-9B3C-45D9-91C0-E4308A57A4ED}.Release|Any CPU.ActiveCfg = Release|Any CPU
		{B7F3DA30-9B3C-45D9-91C0-E4308A57A4ED}.Release|Any CPU.Build.0 = Release|Any CPU
		{0E5BC84A-EEA6-4907-ABBD-F4FEB8591ACC}.Debug|Any CPU.ActiveCfg = Debug|Any CPU
		{0E5BC84A-EEA6-4907-ABBD-F4FEB8591ACC}.Debug|Any CPU.Build.0 = Debug|Any CPU
		{0E5BC84A-EEA6-4907-ABBD-F4FEB8591ACC}.Development|Any CPU.ActiveCfg = Debug|Any CPU
		{0E5BC84A-EEA6-4907-ABBD-F4FEB8591ACC}.Development|Any CPU.Build.0 = Debug|Any CPU
		{0E5BC84A-EEA6-4907-ABBD-F4FEB8591ACC}.Release|Any CPU.ActiveCfg = Release|Any CPU
		{0E5BC84A-EEA6-4907-ABBD-F4FEB8591ACC}.Release|Any CPU.Build.0 = Release|Any CPU
		{195A5410-658B-4E0E-BC4E-5895B0393B14}.Debug|Any CPU.ActiveCfg = Debug|Any CPU
		{195A5410-658B-4E0E-BC4E-5895B0393B14}.Debug|Any CPU.Build.0 = Debug|Any CPU
		{195A5410-658B-4E0E-BC4E-5895B0393B14}.Development|Any CPU.ActiveCfg = Debug|Any CPU
		{195A5410-658B-4E0E-BC4E-5895B0393B14}.Development|Any CPU.Build.0 = Debug|Any CPU
		{195A5410-658B-4E0E-BC4E-5895B0393B14}.Release|Any CPU.ActiveCfg = Release|Any CPU
		{195A5410-658B-4E0E-BC4E-5895B0393B14}.Release|Any CPU.Build.0 = Release|Any CPU
	EndGlobalSection
	GlobalSection(SolutionProperties) = preSolution
		HideSolutionNode = FALSE
	EndGlobalSection
	GlobalSection(ExtensibilityGlobals) = postSolution
		SolutionGuid = {986849EC-5D7B-4BE9-8EC5-98A1FEFE9C55}
	EndGlobalSection
EndGlobal
